{
  "nodes": {
    "autodocodec": {
      "flake": false,
      "locked": {
        "lastModified": 1739562847,
        "narHash": "sha256-E5EnhdwNCQ4mwMI7rErFqoYLm3zFz1NgfUt6LzpTFPY=",
        "owner": "NorfairKing",
        "repo": "autodocodec",
        "rev": "7439601de128dadf562430f4216cbdb28580ed20",
        "type": "github"
      },
      "original": {
        "owner": "NorfairKing",
        "repo": "autodocodec",
        "type": "github"
      }
    },
    "flake-compat": {
      "flake": false,
      "locked": {
        "lastModified": 1696426674,
        "narHash": "sha256-kvjfFW7WAETZlt09AgDn1MrtKzP7t90Vf7vypd3OL1U=",
        "owner": "edolstra",
        "repo": "flake-compat",
        "rev": "0f9255e01c2351cc7d116c072cb317785dd33b33",
        "type": "github"
      },
      "original": {
        "owner": "edolstra",
        "repo": "flake-compat",
        "type": "github"
      }
    },
    "gitignore": {
      "inputs": {
        "nixpkgs": [
          "pre-commit-hooks",
          "nixpkgs"
        ]
      },
      "locked": {
        "lastModified": 1709087332,
        "narHash": "sha256-HG2cCnktfHsKV0s4XW83gU3F57gaTljL9KNSuG6bnQs=",
        "owner": "hercules-ci",
        "repo": "gitignore.nix",
        "rev": "637db329424fd7e46cf4185293b9cc8c88c95394",
        "type": "github"
      },
      "original": {
        "owner": "hercules-ci",
        "repo": "gitignore.nix",
        "type": "github"
      }
    },
    "looper": {
      "flake": false,
      "locked": {
        "lastModified": 1731619365,
        "narHash": "sha256-4yHWE3js2XZj06FKh5Mp7ZVe6PnTq3dMqrMELB96RrE=",
        "owner": "NorfairKing",
        "repo": "looper",
        "rev": "30d5d61a9ff7693f87a13dae175a04139c8ba158",
        "type": "github"
      },
      "original": {
        "owner": "NorfairKing",
        "repo": "looper",
        "type": "github"
      }
    },
    "nixpkgs": {
      "locked": {
        "lastModified": 1746810718,
        "narHash": "sha256-VljtYzyttmvkWUKTVJVW93qAsJsrBbgAzy7DdnJaQfI=",
        "owner": "NixOS",
        "repo": "nixpkgs",
        "rev": "0c0bf9c057382d5f6f63d54fd61f1abd5e1c2f63",
        "type": "github"
      },
      "original": {
        "owner": "NixOS",
        "ref": "nixos-24.11",
        "repo": "nixpkgs",
        "type": "github"
      }
    },
    "nixpkgs_2": {
      "locked": {
        "lastModified": 1730768919,
        "narHash": "sha256-8AKquNnnSaJRXZxc5YmF/WfmxiHX6MMZZasRP6RRQkE=",
        "owner": "NixOS",
        "repo": "nixpkgs",
        "rev": "a04d33c0c3f1a59a2c1cb0c6e34cd24500e5a1dc",
        "type": "github"
      },
      "original": {
        "owner": "NixOS",
        "ref": "nixpkgs-unstable",
        "repo": "nixpkgs",
        "type": "github"
      }
    },
    "opt-env-conf": {
      "flake": false,
      "locked": {
        "lastModified": 1741810895,
        "narHash": "sha256-nOAxBVg6Wr8GREhHuspGetnZbDaSHMLWkl0GRkhAbpM=",
        "owner": "NorfairKing",
        "repo": "opt-env-conf",
        "rev": "f1a744f9497e0c0e017262dfa24b7aefe5250dd0",
        "type": "github"
      },
      "original": {
        "owner": "NorfairKing",
        "repo": "opt-env-conf",
        "type": "github"
      }
    },
    "pre-commit-hooks": {
      "inputs": {
        "flake-compat": "flake-compat",
        "gitignore": "gitignore",
        "nixpkgs": "nixpkgs_2"
      },
      "locked": {
        "lastModified": 1746537231,
        "narHash": "sha256-Wb2xeSyOsCoTCTj7LOoD6cdKLEROyFAArnYoS+noCWo=",
        "owner": "cachix",
        "repo": "pre-commit-hooks.nix",
        "rev": "fa466640195d38ec97cf0493d6d6882bc4d14969",
        "type": "github"
      },
      "original": {
        "owner": "cachix",
        "repo": "pre-commit-hooks.nix",
        "type": "github"
      }
    },
    "root": {
      "inputs": {
        "autodocodec": "autodocodec",
        "looper": "looper",
        "nixpkgs": "nixpkgs",
        "opt-env-conf": "opt-env-conf",
        "pre-commit-hooks": "pre-commit-hooks",
        "safe-coloured-text": "safe-coloured-text",
        "token-limiter-concurrent": "token-limiter-concurrent"
      }
    },
    "safe-coloured-text": {
      "flake": false,
      "locked": {
        "lastModified": 1728774106,
        "narHash": "sha256-Xfv5izJtsdQ9MFhglkcEjJH4LlZ2m4Wmq+JJgMvnytc=",
        "owner": "NorfairKing",
        "repo": "safe-coloured-text",
        "rev": "9ed65a40b3b2fade447c9d5fcb941d58f6367308",
        "type": "github"
      },
      "original": {
        "owner": "NorfairKing",
        "repo": "safe-coloured-text",
        "type": "github"
      }
    },
    "token-limiter-concurrent": {
      "flake": false,
      "locked": {
        "lastModified": 1747033946,
        "narHash": "sha256-0V2Diw2YVYirOvx0OtyjDlmgHSH8nU+WUXgIzO05fZc=",
        "owner": "NorfairKing",
        "repo": "token-limiter-concurrent",
        "rev": "e290241747f1549c74df255b2e0bbcd0dec7b60a",
        "type": "github"
      },
      "original": {
        "owner": "NorfairKing",
        "repo": "token-limiter-concurrent",
        "type": "github"
      }
    }
  },
  "root": "root",
  "version": 7
}
