# This file was autogenerated by Stack.
# You should not edit this file by hand.
# For more information, please see the documentation at:
#   https://docs.haskellstack.org/en/stable/lock_files

packages:
- completed:
    name: token-limiter-concurrent
    pantry-tree:
      sha256: 5986d50691df8b37eb4e1542376f05d6cb30c5b43270b353dcc6adb42d8a1e76
      size: 461
    sha256: 0b44f95bf8983a89ff1404066df5127b41a44e9a9c6bc87e83eeedc508ffc93c
    size: 10225
    subdir: token-limiter-concurrent
    url: https://github.com/NorfairKing/token-limiter-concurrent/archive/50466d2b9fae420e3f7bb5102187506dd64e6d23.tar.gz
    version: 0.1.0.0
  original:
    subdir: token-limiter-concurrent
    url: https://github.com/NorfairKing/token-limiter-concurrent/archive/50466d2b9fae420e3f7bb5102187506dd64e6d23.tar.gz
- completed:
    hackage: servant-flatten-0.2@sha256:276896f7c5cdec5b8f8493f6205fded0cc602d050b58fdb09a6d7c85c3bb0837,1234
    pantry-tree:
      sha256: 04f12c7bef2c3f9a25d94eb9489752ed498db8e243069fe95838dbb51df1dcb3
      size: 325
  original:
    hackage: servant-flatten-0.2@sha256:276896f7c5cdec5b8f8493f6205fded0cc602d050b58fdb09a6d7c85c3bb0837,1234
- completed:
    name: safe-coloured-text
    pantry-tree:
      sha256: e570533758692db38e3765ba8e961d550351dcc7159bed9206b4f8ab8dfe78fb
      size: 530
    sha256: 0239d595eac23dedbce577ce91789d6d8823061fc1d93be25b6bc9860d834708
    size: 38981
    subdir: safe-coloured-text
    url: https://github.com/NorfairKing/safe-coloured-text/archive/046f10147a058c00c2706d98c341219e3cbc7669.tar.gz
    version: 0.3.0.2
  original:
    subdir: safe-coloured-text
    url: https://github.com/NorfairKing/safe-coloured-text/archive/046f10147a058c00c2706d98c341219e3cbc7669.tar.gz
- completed:
    name: safe-coloured-text-layout
    pantry-tree:
      sha256: 825c060c7857beb7212d7c06bbb598ebeed91f7b873a4758585c266d6e073bad
      size: 344
    sha256: 0239d595eac23dedbce577ce91789d6d8823061fc1d93be25b6bc9860d834708
    size: 38981
    subdir: safe-coloured-text-layout
    url: https://github.com/NorfairKing/safe-coloured-text/archive/046f10147a058c00c2706d98c341219e3cbc7669.tar.gz
    version: 0.2.0.1
  original:
    subdir: safe-coloured-text-layout
    url: https://github.com/NorfairKing/safe-coloured-text/archive/046f10147a058c00c2706d98c341219e3cbc7669.tar.gz
- completed:
    name: safe-coloured-text-gen
    pantry-tree:
      sha256: 478208926c26ea2faf9a76b3df284fc3964babf4123260d4099a1a80f3bc0b6e
      size: 8960
    sha256: 0239d595eac23dedbce577ce91789d6d8823061fc1d93be25b6bc9860d834708
    size: 38981
    subdir: safe-coloured-text-gen
    url: https://github.com/NorfairKing/safe-coloured-text/archive/046f10147a058c00c2706d98c341219e3cbc7669.tar.gz
    version: 0.0.0.3
  original:
    subdir: safe-coloured-text-gen
    url: https://github.com/NorfairKing/safe-coloured-text/archive/046f10147a058c00c2706d98c341219e3cbc7669.tar.gz
- completed:
    name: autodocodec
    pantry-tree:
      sha256: 796ef7946dd4ee4a8a33ad72e45931d0cda8c05529c88ce0a348c6ef9e8fcfc2
      size: 914
    sha256: 6c387547c593fe37bea14406c9316b674793ecb36903c3edceb28c102781e4dc
    size: 94256
    subdir: autodocodec
    url: https://github.com/NorfairKing/autodocodec/archive/be4aba9ef133520a8a4087aa26915aaabf1376a7.tar.gz
    version: 0.4.2.2
  original:
    subdir: autodocodec
    url: https://github.com/NorfairKing/autodocodec/archive/be4aba9ef133520a8a4087aa26915aaabf1376a7.tar.gz
- completed:
    name: autodocodec-yaml
    pantry-tree:
      sha256: 0d81571d1bf6f1b397886833855f4edffbb10a385798c4653679f0051e189e51
      size: 592
    sha256: 6c387547c593fe37bea14406c9316b674793ecb36903c3edceb28c102781e4dc
    size: 94256
    subdir: autodocodec-yaml
    url: https://github.com/NorfairKing/autodocodec/archive/be4aba9ef133520a8a4087aa26915aaabf1376a7.tar.gz
    version: 0.4.0.0
  original:
    subdir: autodocodec-yaml
    url: https://github.com/NorfairKing/autodocodec/archive/be4aba9ef133520a8a4087aa26915aaabf1376a7.tar.gz
- completed:
    name: autodocodec-schema
    pantry-tree:
      sha256: 661c1258ce7508e2a8d4c17597eda7e6b1f684b02cacbb7865962e380b57e8cf
      size: 387
    sha256: 6c387547c593fe37bea14406c9316b674793ecb36903c3edceb28c102781e4dc
    size: 94256
    subdir: autodocodec-schema
    url: https://github.com/NorfairKing/autodocodec/archive/be4aba9ef133520a8a4087aa26915aaabf1376a7.tar.gz
    version: 0.2.0.0
  original:
    subdir: autodocodec-schema
    url: https://github.com/NorfairKing/autodocodec/archive/be4aba9ef133520a8a4087aa26915aaabf1376a7.tar.gz
- completed:
    name: autodocodec-nix
    pantry-tree:
      sha256: 6d4490444d5121067cbb2b5ee4b60bc9e4758d679073297b71d002cea5aaadb0
      size: 381
    sha256: 6c387547c593fe37bea14406c9316b674793ecb36903c3edceb28c102781e4dc
    size: 94256
    subdir: autodocodec-nix
    url: https://github.com/NorfairKing/autodocodec/archive/be4aba9ef133520a8a4087aa26915aaabf1376a7.tar.gz
    version: 0.0.1.4
  original:
    subdir: autodocodec-nix
    url: https://github.com/NorfairKing/autodocodec/archive/be4aba9ef133520a8a4087aa26915aaabf1376a7.tar.gz
- completed:
    name: opt-env-conf
    pantry-tree:
      sha256: 447beb213be82fc76a79c44e9a2d52e2f5cee525900171a2e94576f0fd831f17
      size: 1299
    sha256: 1c8f7c7728ce9cdf63920eda18d12376373af2e539b2e77a8c59029ed7919c56
    size: 92036
    subdir: opt-env-conf
    url: https://github.com/NorfairKing/opt-env-conf/archive/bc2e3b33ec7faaae1a225cb78915893698e13469.tar.gz
    version: 0.5.1.0
  original:
    subdir: opt-env-conf
    url: https://github.com/NorfairKing/opt-env-conf/archive/bc2e3b33ec7faaae1a225cb78915893698e13469.tar.gz
- completed:
    name: opt-env-conf-test
    pantry-tree:
      sha256: 263d3e3ff9cb50a06b0b81a405c0fd7fdfb67e9d4135d3a4dec85c27075e887a
      size: 24636
    sha256: 1c8f7c7728ce9cdf63920eda18d12376373af2e539b2e77a8c59029ed7919c56
    size: 92036
    subdir: opt-env-conf-test
    url: https://github.com/NorfairKing/opt-env-conf/archive/bc2e3b33ec7faaae1a225cb78915893698e13469.tar.gz
    version: 0.0.0.0
  original:
    subdir: opt-env-conf-test
    url: https://github.com/NorfairKing/opt-env-conf/archive/bc2e3b33ec7faaae1a225cb78915893698e13469.tar.gz
- completed:
    name: looper
    pantry-tree:
      sha256: 0361d502c8998951acef0fd141f2e085bb0423e0ca3ad72d820cbf15bb1a842e
      size: 496
    sha256: 18ec5a9326b3b9e0ea12cde2102d44715f8f038c4229e23b2ca8f9ed2199974c
    size: 12577
    subdir: looper
    url: https://github.com/NorfairKing/looper/archive/8dcec153ccdb61db9603b6a1d6dee6c551dcc329.tar.gz
    version: 0.3.0.1
  original:
    subdir: looper
    url: https://github.com/NorfairKing/looper/archive/8dcec153ccdb61db9603b6a1d6dee6c551dcc329.tar.gz
- completed:
    name: intray-api
    pantry-tree:
      sha256: 2479a639cc6175cb6fdd0d1583feac6fb832fa49b0b94ec946f6dffe6a9b095b
      size: 1689
    sha256: 7b1462302c9e2a5ade4d8b8ea609600dc5d24edf10ca42350d4b14c1c94d2d54
    size: 35274
    subdir: intray-api
    url: https://github.com/NorfairKing/intray/archive/fe553df9f74ae6a83982c9a29985e80caf964993.tar.gz
    version: 0.0.0.0
  original:
    subdir: intray-api
    url: https://github.com/NorfairKing/intray/archive/fe553df9f74ae6a83982c9a29985e80caf964993.tar.gz
- completed:
    name: intray-api-gen
    pantry-tree:
      sha256: 96a7c3ef99cab748683b6b42676360a7a9c6f7ae8af12511c0b5adaed27167b1
      size: 1004
    sha256: 7b1462302c9e2a5ade4d8b8ea609600dc5d24edf10ca42350d4b14c1c94d2d54
    size: 35274
    subdir: intray-api-gen
    url: https://github.com/NorfairKing/intray/archive/fe553df9f74ae6a83982c9a29985e80caf964993.tar.gz
    version: 0.0.0.0
  original:
    subdir: intray-api-gen
    url: https://github.com/NorfairKing/intray/archive/fe553df9f74ae6a83982c9a29985e80caf964993.tar.gz
- completed:
    name: intray-cli-data
    pantry-tree:
      sha256: 3c4ee84100b43b19add39da501b7603b5aea88d5737e059f0a3abc156779b766
      size: 229
    sha256: 7b1462302c9e2a5ade4d8b8ea609600dc5d24edf10ca42350d4b14c1c94d2d54
    size: 35274
    subdir: intray-cli-data
    url: https://github.com/NorfairKing/intray/archive/fe553df9f74ae6a83982c9a29985e80caf964993.tar.gz
    version: 0.0.0.0
  original:
    subdir: intray-cli-data
    url: https://github.com/NorfairKing/intray/archive/fe553df9f74ae6a83982c9a29985e80caf964993.tar.gz
- completed:
    name: intray-client
    pantry-tree:
      sha256: f214d54b8ee4984a0f76e87d82a58881370e52c2fa596272032d6d9272b9a7c7
      size: 274
    sha256: 7b1462302c9e2a5ade4d8b8ea609600dc5d24edf10ca42350d4b14c1c94d2d54
    size: 35274
    subdir: intray-client
    url: https://github.com/NorfairKing/intray/archive/fe553df9f74ae6a83982c9a29985e80caf964993.tar.gz
    version: 0.0.0.0
  original:
    subdir: intray-client
    url: https://github.com/NorfairKing/intray/archive/fe553df9f74ae6a83982c9a29985e80caf964993.tar.gz
snapshots:
- completed:
    sha256: 4be1ca5d31689b524a7f0f17a439bbe9136465213edc498e9a395899a670f2aa
    size: 718486
    url: https://raw.githubusercontent.com/commercialhaskell/stackage-snapshots/master/lts/22/22.yaml
  original: lts-22.22
