# This file was autogenerated by Stack.
# You should not edit this file by hand.
# For more information, please see the documentation at:
#   https://docs.haskellstack.org/en/stable/topics/lock_files

packages:
- completed:
    name: token-limiter-concurrent
    pantry-tree:
      sha256: 16f4a32ee50411443e0e0c5c266e1d5d442a85c2cace85ca17579eee7e6713f9
      size: 461
    sha256: 864026590464e687bc711c25012092c191bc13e8211c2d155a5db1086f1965ef
    size: 10644
    subdir: token-limiter-concurrent
    url: https://github.com/NorfairKing/token-limiter-concurrent/archive/fcc95f137696ddf23b63f32a6d697ba5a83a51b2.tar.gz
    version: 0.2.0.1
  original:
    subdir: token-limiter-concurrent
    url: https://github.com/NorfairKing/token-limiter-concurrent/archive/fcc95f137696ddf23b63f32a6d697ba5a83a51b2.tar.gz
- completed:
    name: safe-coloured-text
    pantry-tree:
      sha256: e570533758692db38e3765ba8e961d550351dcc7159bed9206b4f8ab8dfe78fb
      size: 530
    sha256: 0239d595eac23dedbce577ce91789d6d8823061fc1d93be25b6bc9860d834708
    size: 38981
    subdir: safe-coloured-text
    url: https://github.com/NorfairKing/safe-coloured-text/archive/046f10147a058c00c2706d98c341219e3cbc7669.tar.gz
    version: 0.3.0.2
  original:
    subdir: safe-coloured-text
    url: https://github.com/NorfairKing/safe-coloured-text/archive/046f10147a058c00c2706d98c341219e3cbc7669.tar.gz
- completed:
    name: safe-coloured-text-layout
    pantry-tree:
      sha256: 825c060c7857beb7212d7c06bbb598ebeed91f7b873a4758585c266d6e073bad
      size: 344
    sha256: 0239d595eac23dedbce577ce91789d6d8823061fc1d93be25b6bc9860d834708
    size: 38981
    subdir: safe-coloured-text-layout
    url: https://github.com/NorfairKing/safe-coloured-text/archive/046f10147a058c00c2706d98c341219e3cbc7669.tar.gz
    version: 0.2.0.1
  original:
    subdir: safe-coloured-text-layout
    url: https://github.com/NorfairKing/safe-coloured-text/archive/046f10147a058c00c2706d98c341219e3cbc7669.tar.gz
- completed:
    name: safe-coloured-text-gen
    pantry-tree:
      sha256: 478208926c26ea2faf9a76b3df284fc3964babf4123260d4099a1a80f3bc0b6e
      size: 8960
    sha256: 0239d595eac23dedbce577ce91789d6d8823061fc1d93be25b6bc9860d834708
    size: 38981
    subdir: safe-coloured-text-gen
    url: https://github.com/NorfairKing/safe-coloured-text/archive/046f10147a058c00c2706d98c341219e3cbc7669.tar.gz
    version: 0.0.0.3
  original:
    subdir: safe-coloured-text-gen
    url: https://github.com/NorfairKing/safe-coloured-text/archive/046f10147a058c00c2706d98c341219e3cbc7669.tar.gz
- completed:
    name: autodocodec
    pantry-tree:
      sha256: 796ef7946dd4ee4a8a33ad72e45931d0cda8c05529c88ce0a348c6ef9e8fcfc2
      size: 914
    sha256: 6c387547c593fe37bea14406c9316b674793ecb36903c3edceb28c102781e4dc
    size: 94256
    subdir: autodocodec
    url: https://github.com/NorfairKing/autodocodec/archive/be4aba9ef133520a8a4087aa26915aaabf1376a7.tar.gz
    version: 0.4.2.2
  original:
    subdir: autodocodec
    url: https://github.com/NorfairKing/autodocodec/archive/be4aba9ef133520a8a4087aa26915aaabf1376a7.tar.gz
- completed:
    name: autodocodec-yaml
    pantry-tree:
      sha256: 0d81571d1bf6f1b397886833855f4edffbb10a385798c4653679f0051e189e51
      size: 592
    sha256: 6c387547c593fe37bea14406c9316b674793ecb36903c3edceb28c102781e4dc
    size: 94256
    subdir: autodocodec-yaml
    url: https://github.com/NorfairKing/autodocodec/archive/be4aba9ef133520a8a4087aa26915aaabf1376a7.tar.gz
    version: 0.4.0.0
  original:
    subdir: autodocodec-yaml
    url: https://github.com/NorfairKing/autodocodec/archive/be4aba9ef133520a8a4087aa26915aaabf1376a7.tar.gz
- completed:
    name: autodocodec-schema
    pantry-tree:
      sha256: 661c1258ce7508e2a8d4c17597eda7e6b1f684b02cacbb7865962e380b57e8cf
      size: 387
    sha256: 6c387547c593fe37bea14406c9316b674793ecb36903c3edceb28c102781e4dc
    size: 94256
    subdir: autodocodec-schema
    url: https://github.com/NorfairKing/autodocodec/archive/be4aba9ef133520a8a4087aa26915aaabf1376a7.tar.gz
    version: 0.2.0.0
  original:
    subdir: autodocodec-schema
    url: https://github.com/NorfairKing/autodocodec/archive/be4aba9ef133520a8a4087aa26915aaabf1376a7.tar.gz
- completed:
    name: autodocodec-nix
    pantry-tree:
      sha256: 6d4490444d5121067cbb2b5ee4b60bc9e4758d679073297b71d002cea5aaadb0
      size: 381
    sha256: 6c387547c593fe37bea14406c9316b674793ecb36903c3edceb28c102781e4dc
    size: 94256
    subdir: autodocodec-nix
    url: https://github.com/NorfairKing/autodocodec/archive/be4aba9ef133520a8a4087aa26915aaabf1376a7.tar.gz
    version: 0.0.1.4
  original:
    subdir: autodocodec-nix
    url: https://github.com/NorfairKing/autodocodec/archive/be4aba9ef133520a8a4087aa26915aaabf1376a7.tar.gz
- completed:
    name: opt-env-conf
    pantry-tree:
      sha256: 4b9d9dd00053770084d453d239cc8b2e37795ed5c63fdff1c456e262a80d54d0
      size: 1299
    sha256: fce5e94a11a6b6b98e79c1873190ca846190da0e5fd7a3c721383d7eb8a1b494
    size: 100692
    subdir: opt-env-conf
    url: https://github.com/NorfairKing/opt-env-conf/archive/2a6d3505aec34aacd2bc41d688fdf752815d9916.tar.gz
    version: 0.8.0.1
  original:
    subdir: opt-env-conf
    url: https://github.com/NorfairKing/opt-env-conf/archive/2a6d3505aec34aacd2bc41d688fdf752815d9916.tar.gz
- completed:
    name: opt-env-conf-test
    pantry-tree:
      sha256: c99542d5bc1feabe447e739b64e04b1f1c7ab6b8fbb8ea4f82059441b795a79f
      size: 28099
    sha256: fce5e94a11a6b6b98e79c1873190ca846190da0e5fd7a3c721383d7eb8a1b494
    size: 100692
    subdir: opt-env-conf-test
    url: https://github.com/NorfairKing/opt-env-conf/archive/2a6d3505aec34aacd2bc41d688fdf752815d9916.tar.gz
    version: 0.0.0.0
  original:
    subdir: opt-env-conf-test
    url: https://github.com/NorfairKing/opt-env-conf/archive/2a6d3505aec34aacd2bc41d688fdf752815d9916.tar.gz
- completed:
    name: looper
    pantry-tree:
      sha256: 40ea56248936afb94531767d49a41fd910377f6b5e1ae006fd7141cf085c86a9
      size: 496
    sha256: 63d3793fc129b2cd37c319a5742a30be10dd68e0ef705f0f805435f74a6c91d3
    size: 13025
    subdir: looper
    url: https://github.com/NorfairKing/looper/archive/eb24595196b08b0dcef7f6dbca65637cc26f8e6e.tar.gz
    version: 0.4.0.0
  original:
    subdir: looper
    url: https://github.com/NorfairKing/looper/archive/eb24595196b08b0dcef7f6dbca65637cc26f8e6e.tar.gz
snapshots:
- completed:
    sha256: 296a7960c37efa382432ab497161a092684191815eb92a608c5d6ea5f894ace3
    size: 683835
    url: https://raw.githubusercontent.com/commercialhaskell/stackage-snapshots/master/lts/23/19.yaml
  original: lts-23.19
